
Microsoft Visual Studio Solution File, Format Version 12.00
# Visual Studio Version 17
VisualStudioVersion = 17.11.35222.181
MinimumVisualStudioVersion = 10.0.40219.1
Project("{FAE04EC0-301F-11D3-BF4B-00C04F79EFBC}") = "WpfGitGyak", "WpfGitGyak\WpfGitGyak.csproj", "{F67254A1-13C1-44E9-A5EB-4874D83FDFBF}"
EndProject
Global
	GlobalSection(SolutionConfigurationPlatforms) = preSolution
		Debug|Any CPU = Debug|Any CPU
		Release|Any CPU = Release|Any CPU
	EndGlobalSection
	GlobalSection(ProjectConfigurationPlatforms) = postSolution
		{F67254A1-13C1-44E9-A5EB-4874D83FDFBF}.Debug|Any CPU.ActiveCfg = Debug|Any CPU
		{F67254A1-13C1-44E9-A5EB-4874D83FDFBF}.Debug|Any CPU.Build.0 = Debug|Any CPU
		{F67254A1-13C1-44E9-A5EB-4874D83FDFBF}.Release|Any CPU.ActiveCfg = Release|Any CPU
		{F67254A1-13C1-44E9-A5EB-4874D83FDFBF}.Release|Any CPU.Build.0 = Release|Any CPU
	EndGlobalSection
	GlobalSection(SolutionProperties) = preSolution
		HideSolutionNode = FALSE
	EndGlobalSection
	GlobalSection(ExtensibilityGlobals) = postSolution
		SolutionGuid = {4115AAB3-CEDF-4101-BD83-07B88463F5A5}
	EndGlobalSection
EndGlobal
